
Microsoft Visual Studio Solution File, Format Version 12.00
# Visual Studio Version 17
VisualStudioVersion = 17.9.34622.214
MinimumVisualStudioVersion = 10.0.40219.1
Project("{FAE04EC0-301F-11D3-BF4B-00C04F79EFBC}") = "RepositoryPattern", "RepositoryPattern\RepositoryPattern.csproj", "{54D41A48-707F-4133-B26C-7D7ABD09FCD8}"
EndProject
Global
	GlobalSection(SolutionConfigurationPlatforms) = preSolution
		Debug|Any CPU = Debug|Any CPU
		Release|Any CPU = Release|Any CPU
	EndGlobalSection
	GlobalSection(ProjectConfigurationPlatforms) = postSolution
		{54D41A48-707F-4133-B26C-7D7ABD09FCD8}.Debug|Any CPU.ActiveCfg = Debug|Any CPU
		{54D41A48-707F-4133-B26C-7D7ABD09FCD8}.Debug|Any CPU.Build.0 = Debug|Any CPU
		{54D41A48-707F-4133-B26C-7D7ABD09FCD8}.Release|Any CPU.ActiveCfg = Release|Any CPU
		{54D41A48-707F-4133-B26C-7D7ABD09FCD8}.Release|Any CPU.Build.0 = Release|Any CPU
	EndGlobalSection
	GlobalSection(SolutionProperties) = preSolution
		HideSolutionNode = FALSE
	EndGlobalSection
	GlobalSection(ExtensibilityGlobals) = postSolution
		SolutionGuid = {E1C85372-2307-48B0-847A-9250F689763A}
	EndGlobalSection
EndGlobal
